<Solution>
  <Folder Name="/src/">
    <Project Path="src/TicketBooking.API/TicketBooking.API.csproj" />
    <Project Path="src/TicketBooking.Application/TicketBooking.Application.csproj" />
    <Project Path="src/TicketBooking.Domain/TicketBooking.Domain.csproj" />
    <Project Path="src/TicketBooking.Infrastructure/TicketBooking.Infrastructure.csproj" />
  </Folder>
  <Folder Name="/tests/">
    <Project Path="tests/TicketBooking.IntegrationTests/TicketBooking.IntegrationTests.csproj" />
    <Project Path="tests/TicketBooking.UnitTests/TicketBooking.UnitTests.csproj" />
  </Folder>
</Solution>
